
Microsoft Visual Studio Solution File, Format Version 12.00
# Visual Studio 15
VisualStudioVersion = 15.0.28010.2026
MinimumVisualStudioVersion = 10.0.40219.1
Project("{FAE04EC0-301F-11D3-BF4B-00C04F79EFBC}") = "Matrix", "Matrix\Matrix.csproj", "{7AF790D2-9DBC-483F-87C1-2CB7F90838F1}"
EndProject
Project("{FAE04EC0-301F-11D3-BF4B-00C04F79EFBC}") = "Matrix.Tests", "Matrix.Tests\Matrix.Tests.csproj", "{7BD60ABD-ADC8-4FED-BBC2-2F964DE86D78}"
EndProject
Global
	GlobalSection(SolutionConfigurationPlatforms) = preSolution
		Debug|Any CPU = Debug|Any CPU
		Release|Any CPU = Release|Any CPU
	EndGlobalSection
	GlobalSection(ProjectConfigurationPlatforms) = postSolution
		{7AF790D2-9DBC-483F-87C1-2CB7F90838F1}.Debug|Any CPU.ActiveCfg = Debug|Any CPU
		{7AF790D2-9DBC-483F-87C1-2CB7F90838F1}.Debug|Any CPU.Build.0 = Debug|Any CPU
		{7AF790D2-9DBC-483F-87C1-2CB7F90838F1}.Release|Any CPU.ActiveCfg = Release|Any CPU
		{7AF790D2-9DBC-483F-87C1-2CB7F90838F1}.Release|Any CPU.Build.0 = Release|Any CPU
		{7BD60ABD-ADC8-4FED-BBC2-2F964DE86D78}.Debug|Any CPU.ActiveCfg = Debug|Any CPU
		{7BD60ABD-ADC8-4FED-BBC2-2F964DE86D78}.Debug|Any CPU.Build.0 = Debug|Any CPU
		{7BD60ABD-ADC8-4FED-BBC2-2F964DE86D78}.Release|Any CPU.ActiveCfg = Release|Any CPU
		{7BD60ABD-ADC8-4FED-BBC2-2F964DE86D78}.Release|Any CPU.Build.0 = Release|Any CPU
	EndGlobalSection
	GlobalSection(SolutionProperties) = preSolution
		HideSolutionNode = FALSE
	EndGlobalSection
	GlobalSection(ExtensibilityGlobals) = postSolution
		SolutionGuid = {822E1544-C9BC-4BE3-9DFF-55A2EE10DE52}
	EndGlobalSection
EndGlobal
